// !$*UTF8*$!
{
	archiveVersion = 1;
	classes = {
	};
	objectVersion = 56;
	objects = {

/* Begin PBXBuildFile section */
		201F828D2998A84600B1A7AD /* AppDelegate.swift in Sources */ = {isa = PBXBuildFile; fileRef = 201F828C2998A84600B1A7AD /* AppDelegate.swift */; };
		201F828F2998A84600B1A7AD /* SceneDelegate.swift in Sources */ = {isa = PBXBuildFile; fileRef = 201F828E2998A84600B1A7AD /* SceneDelegate.swift */; };
		201F82912998A84600B1A7AD /* MainSceneViewController.swift in Sources */ = {isa = PBXBuildFile; fileRef = 201F82902998A84600B1A7AD /* MainSceneViewController.swift */; };
		201F82962998A84700B1A7AD /* Assets.xcassets in Resources */ = {isa = PBXBuildFile; fileRef = 201F82952998A84700B1A7AD /* Assets.xcassets */; };
		201F82A52998BD0A00B1A7AD /* Task.swift in Sources */ = {isa = PBXBuildFile; fileRef = 201F82A42998BD0A00B1A7AD /* Task.swift */; };
		201F82A82998C37E00B1A7AD /* TaskManager.swift in Sources */ = {isa = PBXBuildFile; fileRef = 201F82A72998C37E00B1A7AD /* TaskManager.swift */; };
		204B3E1129A78E3400762D2C /* LoginScenePresenter.swift in Sources */ = {isa = PBXBuildFile; fileRef = 204B3E0B29A78E3400762D2C /* LoginScenePresenter.swift */; };
		204B3E1329A78E3400762D2C /* LoginSceneRouter.swift in Sources */ = {isa = PBXBuildFile; fileRef = 204B3E0D29A78E3400762D2C /* LoginSceneRouter.swift */; };
		204B3E1429A78E3400762D2C /* LoginSceneModels.swift in Sources */ = {isa = PBXBuildFile; fileRef = 204B3E0E29A78E3400762D2C /* LoginSceneModels.swift */; };
		204B3E1529A78E3400762D2C /* LoginSceneViewController.swift in Sources */ = {isa = PBXBuildFile; fileRef = 204B3E0F29A78E3400762D2C /* LoginSceneViewController.swift */; };
		204B3E1629A78E3400762D2C /* LoginSceneInteractor.swift in Sources */ = {isa = PBXBuildFile; fileRef = 204B3E1029A78E3400762D2C /* LoginSceneInteractor.swift */; };
		204B3E1929AFAACA00762D2C /* LoginSceneWorker.swift in Sources */ = {isa = PBXBuildFile; fileRef = 204B3E1829AFAACA00762D2C /* LoginSceneWorker.swift */; };
		208A773929B0E13D005833EF /* MainSceneWorker.swift in Sources */ = {isa = PBXBuildFile; fileRef = 208A773829B0E13D005833EF /* MainSceneWorker.swift */; };
		208A773B29B0E15A005833EF /* MainSceneInteractor.swift in Sources */ = {isa = PBXBuildFile; fileRef = 208A773A29B0E15A005833EF /* MainSceneInteractor.swift */; };
		208A773D29B0E172005833EF /* MainSceneRouter.swift in Sources */ = {isa = PBXBuildFile; fileRef = 208A773C29B0E172005833EF /* MainSceneRouter.swift */; };
		20FDB78A299D1ED000B90A56 /* Repository.swift in Sources */ = {isa = PBXBuildFile; fileRef = 20FDB789299D1ED000B90A56 /* Repository.swift */; };
		20FDB791299D34F600B90A56 /* SectionForTaskManagerAdapter.swift in Sources */ = {isa = PBXBuildFile; fileRef = 20FDB790299D34F600B90A56 /* SectionForTaskManagerAdapter.swift */; };
		20FDB79529A097B100B90A56 /* ITaskManager.swift in Sources */ = {isa = PBXBuildFile; fileRef = 20FDB79429A097B100B90A56 /* ITaskManager.swift */; };
		20FDB79729A0995D00B90A56 /* OrderedTaskManager.swift in Sources */ = {isa = PBXBuildFile; fileRef = 20FDB79629A0995D00B90A56 /* OrderedTaskManager.swift */; };
		20FDB79929A0B12500B90A56 /* MainScenePresenter.swift in Sources */ = {isa = PBXBuildFile; fileRef = 20FDB79829A0B12500B90A56 /* MainScenePresenter.swift */; };
		20FDB79C29A0BB5F00B90A56 /* MainSceneModel.swift in Sources */ = {isa = PBXBuildFile; fileRef = 20FDB79B29A0BB5F00B90A56 /* MainSceneModel.swift */; };
		20FDB7A429A12A9D00B90A56 /* README.md in Resources */ = {isa = PBXBuildFile; fileRef = 20FDB7A329A12A9D00B90A56 /* README.md */; };
/* End PBXBuildFile section */

/* Begin PBXFileReference section */
		201F82892998A84600B1A7AD /* TodoList.app */ = {isa = PBXFileReference; explicitFileType = wrapper.application; includeInIndex = 0; path = TodoList.app; sourceTree = BUILT_PRODUCTS_DIR; };
		201F828C2998A84600B1A7AD /* AppDelegate.swift */ = {isa = PBXFileReference; lastKnownFileType = sourcecode.swift; path = AppDelegate.swift; sourceTree = "<group>"; };
		201F828E2998A84600B1A7AD /* SceneDelegate.swift */ = {isa = PBXFileReference; lastKnownFileType = sourcecode.swift; path = SceneDelegate.swift; sourceTree = "<group>"; };
		201F82902998A84600B1A7AD /* MainSceneViewController.swift */ = {isa = PBXFileReference; lastKnownFileType = sourcecode.swift; path = MainSceneViewController.swift; sourceTree = "<group>"; };
		201F82952998A84700B1A7AD /* Assets.xcassets */ = {isa = PBXFileReference; lastKnownFileType = folder.assetcatalog; path = Assets.xcassets; sourceTree = "<group>"; };
		201F829A2998A84700B1A7AD /* Info.plist */ = {isa = PBXFileReference; lastKnownFileType = text.plist.xml; path = Info.plist; sourceTree = "<group>"; };
		201F82A42998BD0A00B1A7AD /* Task.swift */ = {isa = PBXFileReference; lastKnownFileType = sourcecode.swift; path = Task.swift; sourceTree = "<group>"; };
		201F82A72998C37E00B1A7AD /* TaskManager.swift */ = {isa = PBXFileReference; lastKnownFileType = sourcecode.swift; path = TaskManager.swift; sourceTree = "<group>"; };
		204B3E0B29A78E3400762D2C /* LoginScenePresenter.swift */ = {isa = PBXFileReference; lastKnownFileType = sourcecode.swift; path = LoginScenePresenter.swift; sourceTree = "<group>"; };
		204B3E0D29A78E3400762D2C /* LoginSceneRouter.swift */ = {isa = PBXFileReference; lastKnownFileType = sourcecode.swift; path = LoginSceneRouter.swift; sourceTree = "<group>"; };
		204B3E0E29A78E3400762D2C /* LoginSceneModels.swift */ = {isa = PBXFileReference; lastKnownFileType = sourcecode.swift; path = LoginSceneModels.swift; sourceTree = "<group>"; };
		204B3E0F29A78E3400762D2C /* LoginSceneViewController.swift */ = {isa = PBXFileReference; lastKnownFileType = sourcecode.swift; path = LoginSceneViewController.swift; sourceTree = "<group>"; };
		204B3E1029A78E3400762D2C /* LoginSceneInteractor.swift */ = {isa = PBXFileReference; lastKnownFileType = sourcecode.swift; path = LoginSceneInteractor.swift; sourceTree = "<group>"; };
		204B3E1829AFAACA00762D2C /* LoginSceneWorker.swift */ = {isa = PBXFileReference; fileEncoding = 4; lastKnownFileType = sourcecode.swift; path = LoginSceneWorker.swift; sourceTree = "<group>"; };
		208A773829B0E13D005833EF /* MainSceneWorker.swift */ = {isa = PBXFileReference; lastKnownFileType = sourcecode.swift; path = MainSceneWorker.swift; sourceTree = "<group>"; };
		208A773A29B0E15A005833EF /* MainSceneInteractor.swift */ = {isa = PBXFileReference; lastKnownFileType = sourcecode.swift; path = MainSceneInteractor.swift; sourceTree = "<group>"; };
		208A773C29B0E172005833EF /* MainSceneRouter.swift */ = {isa = PBXFileReference; lastKnownFileType = sourcecode.swift; path = MainSceneRouter.swift; sourceTree = "<group>"; };
		20FDB789299D1ED000B90A56 /* Repository.swift */ = {isa = PBXFileReference; lastKnownFileType = sourcecode.swift; path = Repository.swift; sourceTree = "<group>"; };
		20FDB790299D34F600B90A56 /* SectionForTaskManagerAdapter.swift */ = {isa = PBXFileReference; lastKnownFileType = sourcecode.swift; path = SectionForTaskManagerAdapter.swift; sourceTree = "<group>"; };
		20FDB79429A097B100B90A56 /* ITaskManager.swift */ = {isa = PBXFileReference; lastKnownFileType = sourcecode.swift; path = ITaskManager.swift; sourceTree = "<group>"; };
		20FDB79629A0995D00B90A56 /* OrderedTaskManager.swift */ = {isa = PBXFileReference; lastKnownFileType = sourcecode.swift; path = OrderedTaskManager.swift; sourceTree = "<group>"; };
		20FDB79829A0B12500B90A56 /* MainScenePresenter.swift */ = {isa = PBXFileReference; lastKnownFileType = sourcecode.swift; path = MainScenePresenter.swift; sourceTree = "<group>"; };
		20FDB79B29A0BB5F00B90A56 /* MainSceneModel.swift */ = {isa = PBXFileReference; lastKnownFileType = sourcecode.swift; path = MainSceneModel.swift; sourceTree = "<group>"; };
		20FDB7A329A12A9D00B90A56 /* README.md */ = {isa = PBXFileReference; fileEncoding = 4; lastKnownFileType = net.daringfireball.markdown; path = README.md; sourceTree = "<group>"; };
/* End PBXFileReference section */

/* Begin PBXFrameworksBuildPhase section */
		201F82862998A84600B1A7AD /* Frameworks */ = {
			isa = PBXFrameworksBuildPhase;
			buildActionMask = 2147483647;
			files = (
			);
			runOnlyForDeploymentPostprocessing = 0;
		};
/* End PBXFrameworksBuildPhase section */

/* Begin PBXGroup section */
		201F82802998A84600B1A7AD = {
			isa = PBXGroup;
			children = (
				201F828B2998A84600B1A7AD /* TodoList */,
				201F828A2998A84600B1A7AD /* Products */,
				9043A539C2A963B6497539EC /* Frameworks */,
				20FDB7A329A12A9D00B90A56 /* README.md */,
			);
			sourceTree = "<group>";
		};
		201F828A2998A84600B1A7AD /* Products */ = {
			isa = PBXGroup;
			children = (
				201F82892998A84600B1A7AD /* TodoList.app */,
			);
			name = Products;
			sourceTree = "<group>";
		};
		201F828B2998A84600B1A7AD /* TodoList */ = {
			isa = PBXGroup;
			children = (
				208A773E29B0E1C6005833EF /* BL */,
				20FDB78F299D304B00B90A56 /* Workers */,
				201F82A62998C36600B1A7AD /* Managers */,
				201F82A12998B85F00B1A7AD /* Scenes */,
				201F82A02998B85600B1A7AD /* System */,
			);
			path = TodoList;
			sourceTree = "<group>";
		};
		201F82A02998B85600B1A7AD /* System */ = {
			isa = PBXGroup;
			children = (
				201F829A2998A84700B1A7AD /* Info.plist */,
				201F82952998A84700B1A7AD /* Assets.xcassets */,
				201F828C2998A84600B1A7AD /* AppDelegate.swift */,
				201F828E2998A84600B1A7AD /* SceneDelegate.swift */,
			);
			path = System;
			sourceTree = "<group>";
		};
		201F82A12998B85F00B1A7AD /* Scenes */ = {
			isa = PBXGroup;
			children = (
				204B3E0A29A78E0D00762D2C /* LoginScene */,
				201F82A22998B88100B1A7AD /* MainScene */,
			);
			path = Scenes;
			sourceTree = "<group>";
		};
		201F82A22998B88100B1A7AD /* MainScene */ = {
			isa = PBXGroup;
			children = (
				208A773C29B0E172005833EF /* MainSceneRouter.swift */,
				201F82902998A84600B1A7AD /* MainSceneViewController.swift */,
				208A773A29B0E15A005833EF /* MainSceneInteractor.swift */,
				20FDB79829A0B12500B90A56 /* MainScenePresenter.swift */,
				20FDB79B29A0BB5F00B90A56 /* MainSceneModel.swift */,
				208A773829B0E13D005833EF /* MainSceneWorker.swift */,
			);
			path = MainScene;
			sourceTree = "<group>";
		};
		201F82A62998C36600B1A7AD /* Managers */ = {
			isa = PBXGroup;
			children = (
				201F82A72998C37E00B1A7AD /* TaskManager.swift */,
				20FDB790299D34F600B90A56 /* SectionForTaskManagerAdapter.swift */,
				20FDB79429A097B100B90A56 /* ITaskManager.swift */,
				20FDB79629A0995D00B90A56 /* OrderedTaskManager.swift */,
			);
			path = Managers;
			sourceTree = "<group>";
		};
		204B3E0A29A78E0D00762D2C /* LoginScene */ = {
			isa = PBXGroup;
			children = (
				204B3E0D29A78E3400762D2C /* LoginSceneRouter.swift */,
				204B3E0F29A78E3400762D2C /* LoginSceneViewController.swift */,
				204B3E1029A78E3400762D2C /* LoginSceneInteractor.swift */,
				204B3E0B29A78E3400762D2C /* LoginScenePresenter.swift */,
				204B3E0E29A78E3400762D2C /* LoginSceneModels.swift */,
				204B3E1829AFAACA00762D2C /* LoginSceneWorker.swift */,
			);
			path = LoginScene;
			sourceTree = "<group>";
		};
		208A773E29B0E1C6005833EF /* BL */ = {
			isa = PBXGroup;
			children = (
				201F82A42998BD0A00B1A7AD /* Task.swift */,
			);
			path = BL;
			sourceTree = "<group>";
		};
		20FDB78F299D304B00B90A56 /* Workers */ = {
			isa = PBXGroup;
			children = (
				20FDB789299D1ED000B90A56 /* Repository.swift */,
			);
			path = Workers;
			sourceTree = "<group>";
		};
		9043A539C2A963B6497539EC /* Frameworks */ = {
			isa = PBXGroup;
			children = (
			);
			name = Frameworks;
			sourceTree = "<group>";
		};
/* End PBXGroup section */

/* Begin PBXNativeTarget section */
		201F82882998A84600B1A7AD /* TodoList */ = {
			isa = PBXNativeTarget;
			buildConfigurationList = 201F829D2998A84700B1A7AD /* Build configuration list for PBXNativeTarget "TodoList" */;
			buildPhases = (
				201F82852998A84600B1A7AD /* Sources */,
				201F82862998A84600B1A7AD /* Frameworks */,
				201F82872998A84600B1A7AD /* Resources */,
				20ABDBA429B8E6050015104D /* ShellScript */,
			);
			buildRules = (
			);
			dependencies = (
			);
			name = TodoList;
			productName = TodoList;
			productReference = 201F82892998A84600B1A7AD /* TodoList.app */;
			productType = "com.apple.product-type.application";
		};
/* End PBXNativeTarget section */

/* Begin PBXProject section */
		201F82812998A84600B1A7AD /* Project object */ = {
			isa = PBXProject;
			attributes = {
				BuildIndependentTargetsInParallel = 1;
				LastSwiftUpdateCheck = 1420;
				LastUpgradeCheck = 1420;
				TargetAttributes = {
					201F82882998A84600B1A7AD = {
						CreatedOnToolsVersion = 14.2;
					};
				};
			};
			buildConfigurationList = 201F82842998A84600B1A7AD /* Build configuration list for PBXProject "TodoList" */;
			compatibilityVersion = "Xcode 14.0";
			developmentRegion = en;
			hasScannedForEncodings = 0;
			knownRegions = (
				en,
				Base,
			);
			mainGroup = 201F82802998A84600B1A7AD;
			productRefGroup = 201F828A2998A84600B1A7AD /* Products */;
			projectDirPath = "";
			projectRoot = "";
			targets = (
				201F82882998A84600B1A7AD /* TodoList */,
			);
		};
/* End PBXProject section */

/* Begin PBXResourcesBuildPhase section */
		201F82872998A84600B1A7AD /* Resources */ = {
			isa = PBXResourcesBuildPhase;
			buildActionMask = 2147483647;
			files = (
				201F82962998A84700B1A7AD /* Assets.xcassets in Resources */,
				20FDB7A429A12A9D00B90A56 /* README.md in Resources */,
			);
			runOnlyForDeploymentPostprocessing = 0;
		};
/* End PBXResourcesBuildPhase section */

/* Begin PBXShellScriptBuildPhase section */
		20ABDBA429B8E6050015104D /* ShellScript */ = {
			isa = PBXShellScriptBuildPhase;
			alwaysOutOfDate = 1;
			buildActionMask = 2147483647;
			files = (
			);
			inputFileListPaths = (
			);
			inputPaths = (
			);
			outputFileListPaths = (
			);
			outputPaths = (
			);
			runOnlyForDeploymentPostprocessing = 0;
			shellPath = /bin/sh;
			shellScript = "export PATH=\"$PATH:/opt/homebrew/bin\"\nif which swiftlint > /dev/null; then\n  swiftlint\nelse\n  echo \"warning: SwiftLint not installed, download from https://github.com/realm/SwiftLint\"\nfi\n";
		};
/* End PBXShellScriptBuildPhase section */

/* Begin PBXSourcesBuildPhase section */
		201F82852998A84600B1A7AD /* Sources */ = {
			isa = PBXSourcesBuildPhase;
			buildActionMask = 2147483647;
			files = (
				208A773D29B0E172005833EF /* MainSceneRouter.swift in Sources */,
				204B3E1329A78E3400762D2C /* LoginSceneRouter.swift in Sources */,
				201F82A52998BD0A00B1A7AD /* Task.swift in Sources */,
				201F82912998A84600B1A7AD /* MainSceneViewController.swift in Sources */,
				204B3E1529A78E3400762D2C /* LoginSceneViewController.swift in Sources */,
				208A773B29B0E15A005833EF /* MainSceneInteractor.swift in Sources */,
				20FDB79C29A0BB5F00B90A56 /* MainSceneModel.swift in Sources */,
				20FDB791299D34F600B90A56 /* SectionForTaskManagerAdapter.swift in Sources */,
				20FDB79529A097B100B90A56 /* ITaskManager.swift in Sources */,
				204B3E1629A78E3400762D2C /* LoginSceneInteractor.swift in Sources */,
				20FDB79729A0995D00B90A56 /* OrderedTaskManager.swift in Sources */,
				208A773929B0E13D005833EF /* MainSceneWorker.swift in Sources */,
				20FDB78A299D1ED000B90A56 /* Repository.swift in Sources */,
				201F82A82998C37E00B1A7AD /* TaskManager.swift in Sources */,
				204B3E1129A78E3400762D2C /* LoginScenePresenter.swift in Sources */,
				204B3E1429A78E3400762D2C /* LoginSceneModels.swift in Sources */,
				204B3E1929AFAACA00762D2C /* LoginSceneWorker.swift in Sources */,
				20FDB79929A0B12500B90A56 /* MainScenePresenter.swift in Sources */,
				201F828D2998A84600B1A7AD /* AppDelegate.swift in Sources */,
				201F828F2998A84600B1A7AD /* SceneDelegate.swift in Sources */,
			);
			runOnlyForDeploymentPostprocessing = 0;
		};
/* End PBXSourcesBuildPhase section */

/* Begin XCBuildConfiguration section */
		201F829B2998A84700B1A7AD /* Debug */ = {
			isa = XCBuildConfiguration;
			buildSettings = {
				ALWAYS_SEARCH_USER_PATHS = NO;
				CLANG_ANALYZER_NONNULL = YES;
				CLANG_ANALYZER_NUMBER_OBJECT_CONVERSION = YES_AGGRESSIVE;
				CLANG_CXX_LANGUAGE_STANDARD = "gnu++20";
				CLANG_ENABLE_MODULES = YES;
				CLANG_ENABLE_OBJC_ARC = YES;
				CLANG_ENABLE_OBJC_WEAK = YES;
				CLANG_WARN_BLOCK_CAPTURE_AUTORELEASING = YES;
				CLANG_WARN_BOOL_CONVERSION = YES;
				CLANG_WARN_COMMA = YES;
				CLANG_WARN_CONSTANT_CONVERSION = YES;
				CLANG_WARN_DEPRECATED_OBJC_IMPLEMENTATIONS = YES;
				CLANG_WARN_DIRECT_OBJC_ISA_USAGE = YES_ERROR;
				CLANG_WARN_DOCUMENTATION_COMMENTS = YES;
				CLANG_WARN_EMPTY_BODY = YES;
				CLANG_WARN_ENUM_CONVERSION = YES;
				CLANG_WARN_INFINITE_RECURSION = YES;
				CLANG_WARN_INT_CONVERSION = YES;
				CLANG_WARN_NON_LITERAL_NULL_CONVERSION = YES;
				CLANG_WARN_OBJC_IMPLICIT_RETAIN_SELF = YES;
				CLANG_WARN_OBJC_LITERAL_CONVERSION = YES;
				CLANG_WARN_OBJC_ROOT_CLASS = YES_ERROR;
				CLANG_WARN_QUOTED_INCLUDE_IN_FRAMEWORK_HEADER = YES;
				CLANG_WARN_RANGE_LOOP_ANALYSIS = YES;
				CLANG_WARN_STRICT_PROTOTYPES = YES;
				CLANG_WARN_SUSPICIOUS_MOVE = YES;
				CLANG_WARN_UNGUARDED_AVAILABILITY = YES_AGGRESSIVE;
				CLANG_WARN_UNREACHABLE_CODE = YES;
				CLANG_WARN__DUPLICATE_METHOD_MATCH = YES;
				COPY_PHASE_STRIP = NO;
				DEBUG_INFORMATION_FORMAT = dwarf;
				ENABLE_STRICT_OBJC_MSGSEND = YES;
				ENABLE_TESTABILITY = YES;
				GCC_C_LANGUAGE_STANDARD = gnu11;
				GCC_DYNAMIC_NO_PIC = NO;
				GCC_NO_COMMON_BLOCKS = YES;
				GCC_OPTIMIZATION_LEVEL = 0;
				GCC_PREPROCESSOR_DEFINITIONS = (
					"DEBUG=1",
					"$(inherited)",
				);
				GCC_WARN_64_TO_32_BIT_CONVERSION = YES;
				GCC_WARN_ABOUT_RETURN_TYPE = YES_ERROR;
				GCC_WARN_UNDECLARED_SELECTOR = YES;
				GCC_WARN_UNINITIALIZED_AUTOS = YES_AGGRESSIVE;
				GCC_WARN_UNUSED_FUNCTION = YES;
				GCC_WARN_UNUSED_VARIABLE = YES;
				"INFOPLIST_FILE[sdk=*]" = "";
				IPHONEOS_DEPLOYMENT_TARGET = 13.0;
				MTL_ENABLE_DEBUG_INFO = INCLUDE_SOURCE;
				MTL_FAST_MATH = YES;
				ONLY_ACTIVE_ARCH = YES;
				SDKROOT = iphoneos;
				SWIFT_ACTIVE_COMPILATION_CONDITIONS = DEBUG;
				SWIFT_OPTIMIZATION_LEVEL = "-Onone";
			};
			name = Debug;
		};
		201F829C2998A84700B1A7AD /* Release */ = {
			isa = XCBuildConfiguration;
			buildSettings = {
				ALWAYS_SEARCH_USER_PATHS = NO;
				CLANG_ANALYZER_NONNULL = YES;
				CLANG_ANALYZER_NUMBER_OBJECT_CONVERSION = YES_AGGRESSIVE;
				CLANG_CXX_LANGUAGE_STANDARD = "gnu++20";
				CLANG_ENABLE_MODULES = YES;
				CLANG_ENABLE_OBJC_ARC = YES;
				CLANG_ENABLE_OBJC_WEAK = YES;
				CLANG_WARN_BLOCK_CAPTURE_AUTORELEASING = YES;
				CLANG_WARN_BOOL_CONVERSION = YES;
				CLANG_WARN_COMMA = YES;
				CLANG_WARN_CONSTANT_CONVERSION = YES;
				CLANG_WARN_DEPRECATED_OBJC_IMPLEMENTATIONS = YES;
				CLANG_WARN_DIRECT_OBJC_ISA_USAGE = YES_ERROR;
				CLANG_WARN_DOCUMENTATION_COMMENTS = YES;
				CLANG_WARN_EMPTY_BODY = YES;
				CLANG_WARN_ENUM_CONVERSION = YES;
				CLANG_WARN_INFINITE_RECURSION = YES;
				CLANG_WARN_INT_CONVERSION = YES;
				CLANG_WARN_NON_LITERAL_NULL_CONVERSION = YES;
				CLANG_WARN_OBJC_IMPLICIT_RETAIN_SELF = YES;
				CLANG_WARN_OBJC_LITERAL_CONVERSION = YES;
				CLANG_WARN_OBJC_ROOT_CLASS = YES_ERROR;
				CLANG_WARN_QUOTED_INCLUDE_IN_FRAMEWORK_HEADER = YES;
				CLANG_WARN_RANGE_LOOP_ANALYSIS = YES;
				CLANG_WARN_STRICT_PROTOTYPES = YES;
				CLANG_WARN_SUSPICIOUS_MOVE = YES;
				CLANG_WARN_UNGUARDED_AVAILABILITY = YES_AGGRESSIVE;
				CLANG_WARN_UNREACHABLE_CODE = YES;
				CLANG_WARN__DUPLICATE_METHOD_MATCH = YES;
				COPY_PHASE_STRIP = NO;
				DEBUG_INFORMATION_FORMAT = "dwarf-with-dsym";
				ENABLE_NS_ASSERTIONS = NO;
				ENABLE_STRICT_OBJC_MSGSEND = YES;
				GCC_C_LANGUAGE_STANDARD = gnu11;
				GCC_NO_COMMON_BLOCKS = YES;
				GCC_WARN_64_TO_32_BIT_CONVERSION = YES;
				GCC_WARN_ABOUT_RETURN_TYPE = YES_ERROR;
				GCC_WARN_UNDECLARED_SELECTOR = YES;
				GCC_WARN_UNINITIALIZED_AUTOS = YES_AGGRESSIVE;
				GCC_WARN_UNUSED_FUNCTION = YES;
				GCC_WARN_UNUSED_VARIABLE = YES;
				IPHONEOS_DEPLOYMENT_TARGET = 13.0;
				MTL_ENABLE_DEBUG_INFO = NO;
				MTL_FAST_MATH = YES;
				SDKROOT = iphoneos;
				SWIFT_COMPILATION_MODE = wholemodule;
				SWIFT_OPTIMIZATION_LEVEL = "-O";
				VALIDATE_PRODUCT = YES;
			};
			name = Release;
		};
		201F829E2998A84700B1A7AD /* Debug */ = {
			isa = XCBuildConfiguration;
			buildSettings = {
				ASSETCATALOG_COMPILER_APPICON_NAME = AppIcon;
				ASSETCATALOG_COMPILER_GLOBAL_ACCENT_COLOR_NAME = AccentColor;
				CODE_SIGN_STYLE = Automatic;
				CURRENT_PROJECT_VERSION = 1;
				DEVELOPMENT_TEAM = ZMX77LFT7B;
				GENERATE_INFOPLIST_FILE = YES;
				INFOPLIST_FILE = TodoList/System/Info.plist;
				INFOPLIST_KEY_UIApplicationSupportsIndirectInputEvents = YES;
				INFOPLIST_KEY_UILaunchStoryboardName = LaunchScreen;
				INFOPLIST_KEY_UISupportedInterfaceOrientations_iPad = "UIInterfaceOrientationPortrait UIInterfaceOrientationPortraitUpsideDown UIInterfaceOrientationLandscapeLeft UIInterfaceOrientationLandscapeRight";
				INFOPLIST_KEY_UISupportedInterfaceOrientations_iPhone = "UIInterfaceOrientationPortrait UIInterfaceOrientationLandscapeLeft UIInterfaceOrientationLandscapeRight";
				IPHONEOS_DEPLOYMENT_TARGET = 14.0;
				LD_RUNPATH_SEARCH_PATHS = (
					"$(inherited)",
					"@executable_path/Frameworks",
				);
				MARKETING_VERSION = 1.0;
				PRODUCT_BUNDLE_IDENTIFIER = ru.koloma.TodoList;
				PRODUCT_NAME = "$(TARGET_NAME)";
				SWIFT_EMIT_LOC_STRINGS = YES;
				SWIFT_VERSION = 5.0;
				TARGETED_DEVICE_FAMILY = "1,2";
			};
			name = Debug;
		};
		201F829F2998A84700B1A7AD /* Release */ = {
			isa = XCBuildConfiguration;
			buildSettings = {
				ASSETCATALOG_COMPILER_APPICON_NAME = AppIcon;
				ASSETCATALOG_COMPILER_GLOBAL_ACCENT_COLOR_NAME = AccentColor;
				CODE_SIGN_STYLE = Automatic;
				CURRENT_PROJECT_VERSION = 1;
				DEVELOPMENT_TEAM = ZMX77LFT7B;
				GENERATE_INFOPLIST_FILE = YES;
				INFOPLIST_FILE = TodoList/System/Info.plist;
				INFOPLIST_KEY_UIApplicationSupportsIndirectInputEvents = YES;
				INFOPLIST_KEY_UILaunchStoryboardName = LaunchScreen;
				INFOPLIST_KEY_UISupportedInterfaceOrientations_iPad = "UIInterfaceOrientationPortrait UIInterfaceOrientationPortraitUpsideDown UIInterfaceOrientationLandscapeLeft UIInterfaceOrientationLandscapeRight";
				INFOPLIST_KEY_UISupportedInterfaceOrientations_iPhone = "UIInterfaceOrientationPortrait UIInterfaceOrientationLandscapeLeft UIInterfaceOrientationLandscapeRight";
				IPHONEOS_DEPLOYMENT_TARGET = 14.0;
				LD_RUNPATH_SEARCH_PATHS = (
					"$(inherited)",
					"@executable_path/Frameworks",
				);
				MARKETING_VERSION = 1.0;
				PRODUCT_BUNDLE_IDENTIFIER = ru.koloma.TodoList;
				PRODUCT_NAME = "$(TARGET_NAME)";
				SWIFT_EMIT_LOC_STRINGS = YES;
				SWIFT_VERSION = 5.0;
				TARGETED_DEVICE_FAMILY = "1,2";
			};
			name = Release;
		};
/* End XCBuildConfiguration section */

/* Begin XCConfigurationList section */
		201F82842998A84600B1A7AD /* Build configuration list for PBXProject "TodoList" */ = {
			isa = XCConfigurationList;
			buildConfigurations = (
				201F829B2998A84700B1A7AD /* Debug */,
				201F829C2998A84700B1A7AD /* Release */,
			);
			defaultConfigurationIsVisible = 0;
			defaultConfigurationName = Release;
		};
		201F829D2998A84700B1A7AD /* Build configuration list for PBXNativeTarget "TodoList" */ = {
			isa = XCConfigurationList;
			buildConfigurations = (
				201F829E2998A84700B1A7AD /* Debug */,
				201F829F2998A84700B1A7AD /* Release */,
			);
			defaultConfigurationIsVisible = 0;
			defaultConfigurationName = Release;
		};
/* End XCConfigurationList section */
	};
	rootObject = 201F82812998A84600B1A7AD /* Project object */;
}
